// !$*UTF8*$!
{
	archiveVersion = 1;
	classes = {
	};
	objectVersion = 46;
	objects = {

/* Begin PBXBuildFile section */
		187B87A31BBE3463005C842F /* basicElements.m in Sources */ = {isa = PBXBuildFile; fileRef = 187B87A21BBE3463005C842F /* basicElements.m */; };
		18D148EF1BAFA950006B6ECD /* main.m in Sources */ = {isa = PBXBuildFile; fileRef = 18D148EE1BAFA950006B6ECD /* main.m */; };
		18D148F21BAFA950006B6ECD /* AppDelegate.m in Sources */ = {isa = PBXBuildFile; fileRef = 18D148F11BAFA950006B6ECD /* AppDelegate.m */; };
		18D148F81BAFA950006B6ECD /* Main.storyboard in Resources */ = {isa = PBXBuildFile; fileRef = 18D148F61BAFA950006B6ECD /* Main.storyboard */; };
		18D148FA1BAFA950006B6ECD /* Images.xcassets in Resources */ = {isa = PBXBuildFile; fileRef = 18D148F91BAFA950006B6ECD /* Images.xcassets */; };
		18D148FD1BAFA950006B6ECD /* LaunchScreen.xib in Resources */ = {isa = PBXBuildFile; fileRef = 18D148FB1BAFA950006B6ECD /* LaunchScreen.xib */; };
		18D149091BAFA950006B6ECD /* ObjectiveCdigestPlusTests.m in Sources */ = {isa = PBXBuildFile; fileRef = 18D149081BAFA950006B6ECD /* ObjectiveCdigestPlusTests.m */; };
/* End PBXBuildFile section */

/* Begin PBXContainerItemProxy section */
		18D149031BAFA950006B6ECD /* PBXContainerItemProxy */ = {
			isa = PBXContainerItemProxy;
			containerPortal = 18D148E11BAFA950006B6ECD /* Project object */;
			proxyType = 1;
			remoteGlobalIDString = 18D148E81BAFA950006B6ECD;
			remoteInfo = ObjectiveCdigestPlus;
		};
/* End PBXContainerItemProxy section */

/* Begin PBXFileReference section */
		187B87A11BBE3463005C842F /* basicElements.h */ = {isa = PBXFileReference; fileEncoding = 4; lastKnownFileType = sourcecode.c.h; path = basicElements.h; sourceTree = "<group>"; };
		187B87A21BBE3463005C842F /* basicElements.m */ = {isa = PBXFileReference; fileEncoding = 4; lastKnownFileType = sourcecode.c.objc; path = basicElements.m; sourceTree = "<group>"; };
		18D148E91BAFA950006B6ECD /* ObjectiveCdigestPlus.app */ = {isa = PBXFileReference; explicitFileType = wrapper.application; includeInIndex = 0; path = ObjectiveCdigestPlus.app; sourceTree = BUILT_PRODUCTS_DIR; };
		18D148ED1BAFA950006B6ECD /* Info.plist */ = {isa = PBXFileReference; lastKnownFileType = text.plist.xml; path = Info.plist; sourceTree = "<group>"; };
		18D148EE1BAFA950006B6ECD /* main.m */ = {isa = PBXFileReference; lastKnownFileType = sourcecode.c.objc; path = main.m; sourceTree = "<group>"; };
		18D148F01BAFA950006B6ECD /* AppDelegate.h */ = {isa = PBXFileReference; lastKnownFileType = sourcecode.c.h; path = AppDelegate.h; sourceTree = "<group>"; };
		18D148F11BAFA950006B6ECD /* AppDelegate.m */ = {isa = PBXFileReference; lastKnownFileType = sourcecode.c.objc; path = AppDelegate.m; sourceTree = "<group>"; };
		18D148F71BAFA950006B6ECD /* Base */ = {isa = PBXFileReference; lastKnownFileType = file.storyboard; name = Base; path = Base.lproj/Main.storyboard; sourceTree = "<group>"; };
		18D148F91BAFA950006B6ECD /* Images.xcassets */ = {isa = PBXFileReference; lastKnownFileType = folder.assetcatalog; path = Images.xcassets; sourceTree = "<group>"; };
		18D148FC1BAFA950006B6ECD /* Base */ = {isa = PBXFileReference; lastKnownFileType = file.xib; name = Base; path = Base.lproj/LaunchScreen.xib; sourceTree = "<group>"; };
		18D149021BAFA950006B6ECD /* ObjectiveCdigestPlusTests.xctest */ = {isa = PBXFileReference; explicitFileType = wrapper.cfbundle; includeInIndex = 0; path = ObjectiveCdigestPlusTests.xctest; sourceTree = BUILT_PRODUCTS_DIR; };
		18D149071BAFA950006B6ECD /* Info.plist */ = {isa = PBXFileReference; lastKnownFileType = text.plist.xml; path = Info.plist; sourceTree = "<group>"; };
		18D149081BAFA950006B6ECD /* ObjectiveCdigestPlusTests.m */ = {isa = PBXFileReference; lastKnownFileType = sourcecode.c.objc; path = ObjectiveCdigestPlusTests.m; sourceTree = "<group>"; };
/* End PBXFileReference section */

/* Begin PBXFrameworksBuildPhase section */
		18D148E61BAFA950006B6ECD /* Frameworks */ = {
			isa = PBXFrameworksBuildPhase;
			buildActionMask = 2147483647;
			files = (
			);
			runOnlyForDeploymentPostprocessing = 0;
		};
		18D148FF1BAFA950006B6ECD /* Frameworks */ = {
			isa = PBXFrameworksBuildPhase;
			buildActionMask = 2147483647;
			files = (
			);
			runOnlyForDeploymentPostprocessing = 0;
		};
/* End PBXFrameworksBuildPhase section */

/* Begin PBXGroup section */
		18D148E01BAFA950006B6ECD = {
			isa = PBXGroup;
			children = (
				18D148EB1BAFA950006B6ECD /* ObjectiveCdigestPlus */,
				18D149051BAFA950006B6ECD /* ObjectiveCdigestPlusTests */,
				18D148EA1BAFA950006B6ECD /* Products */,
			);
			sourceTree = "<group>";
		};
		18D148EA1BAFA950006B6ECD /* Products */ = {
			isa = PBXGroup;
			children = (
				18D148E91BAFA950006B6ECD /* ObjectiveCdigestPlus.app */,
				18D149021BAFA950006B6ECD /* ObjectiveCdigestPlusTests.xctest */,
			);
			name = Products;
			sourceTree = "<group>";
		};
		18D148EB1BAFA950006B6ECD /* ObjectiveCdigestPlus */ = {
			isa = PBXGroup;
			children = (
				18D148F01BAFA950006B6ECD /* AppDelegate.h */,
				18D148F11BAFA950006B6ECD /* AppDelegate.m */,
				187B87A11BBE3463005C842F /* basicElements.h */,
				187B87A21BBE3463005C842F /* basicElements.m */,
				18D148F61BAFA950006B6ECD /* Main.storyboard */,
				18D148F91BAFA950006B6ECD /* Images.xcassets */,
				18D148FB1BAFA950006B6ECD /* LaunchScreen.xib */,
				18D148EC1BAFA950006B6ECD /* Supporting Files */,
			);
			path = ObjectiveCdigestPlus;
			sourceTree = "<group>";
		};
		18D148EC1BAFA950006B6ECD /* Supporting Files */ = {
			isa = PBXGroup;
			children = (
				18D148ED1BAFA950006B6ECD /* Info.plist */,
				18D148EE1BAFA950006B6ECD /* main.m */,
			);
			name = "Supporting Files";
			sourceTree = "<group>";
		};
		18D149051BAFA950006B6ECD /* ObjectiveCdigestPlusTests */ = {
			isa = PBXGroup;
			children = (
				18D149081BAFA950006B6ECD /* ObjectiveCdigestPlusTests.m */,
				18D149061BAFA950006B6ECD /* Supporting Files */,
			);
			path = ObjectiveCdigestPlusTests;
			sourceTree = "<group>";
		};
		18D149061BAFA950006B6ECD /* Supporting Files */ = {
			isa = PBXGroup;
			children = (
				18D149071BAFA950006B6ECD /* Info.plist */,
			);
			name = "Supporting Files";
			sourceTree = "<group>";
		};
/* End PBXGroup section */

/* Begin PBXNativeTarget section */
		18D148E81BAFA950006B6ECD /* ObjectiveCdigestPlus */ = {
			isa = PBXNativeTarget;
			buildConfigurationList = 18D1490C1BAFA950006B6ECD /* Build configuration list for PBXNativeTarget "ObjectiveCdigestPlus" */;
			buildPhases = (
				18D148E51BAFA950006B6ECD /* Sources */,
				18D148E61BAFA950006B6ECD /* Frameworks */,
				18D148E71BAFA950006B6ECD /* Resources */,
			);
			buildRules = (
			);
			dependencies = (
			);
			name = ObjectiveCdigestPlus;
			productName = ObjectiveCdigestPlus;
			productReference = 18D148E91BAFA950006B6ECD /* ObjectiveCdigestPlus.app */;
			productType = "com.apple.product-type.application";
		};
		18D149011BAFA950006B6ECD /* ObjectiveCdigestPlusTests */ = {
			isa = PBXNativeTarget;
			buildConfigurationList = 18D1490F1BAFA950006B6ECD /* Build configuration list for PBXNativeTarget "ObjectiveCdigestPlusTests" */;
			buildPhases = (
				18D148FE1BAFA950006B6ECD /* Sources */,
				18D148FF1BAFA950006B6ECD /* Frameworks */,
				18D149001BAFA950006B6ECD /* Resources */,
			);
			buildRules = (
			);
			dependencies = (
				18D149041BAFA950006B6ECD /* PBXTargetDependency */,
			);
			name = ObjectiveCdigestPlusTests;
			productName = ObjectiveCdigestPlusTests;
			productReference = 18D149021BAFA950006B6ECD /* ObjectiveCdigestPlusTests.xctest */;
			productType = "com.apple.product-type.bundle.unit-test";
		};
/* End PBXNativeTarget section */

/* Begin PBXProject section */
		18D148E11BAFA950006B6ECD /* Project object */ = {
			isa = PBXProject;
			attributes = {
				LastUpgradeCheck = 0710;
				ORGANIZATIONNAME = MacManApp;
				TargetAttributes = {
					18D148E81BAFA950006B6ECD = {
						CreatedOnToolsVersion = 6.3.2;
					};
					18D149011BAFA950006B6ECD = {
						CreatedOnToolsVersion = 6.3.2;
						TestTargetID = 18D148E81BAFA950006B6ECD;
					};
				};
			};
			buildConfigurationList = 18D148E41BAFA950006B6ECD /* Build configuration list for PBXProject "ObjectiveCdigestPlus" */;
			compatibilityVersion = "Xcode 3.2";
			developmentRegion = English;
			hasScannedForEncodings = 0;
			knownRegions = (
				en,
				Base,
			);
			mainGroup = 18D148E01BAFA950006B6ECD;
			productRefGroup = 18D148EA1BAFA950006B6ECD /* Products */;
			projectDirPath = "";
			projectRoot = "";
			targets = (
				18D148E81BAFA950006B6ECD /* ObjectiveCdigestPlus */,
				18D149011BAFA950006B6ECD /* ObjectiveCdigestPlusTests */,
			);
		};
/* End PBXProject section */

/* Begin PBXResourcesBuildPhase section */
		18D148E71BAFA950006B6ECD /* Resources */ = {
			isa = PBXResourcesBuildPhase;
			buildActionMask = 2147483647;
			files = (
				18D148F81BAFA950006B6ECD /* Main.storyboard in Resources */,
				18D148FD1BAFA950006B6ECD /* LaunchScreen.xib in Resources */,
				18D148FA1BAFA950006B6ECD /* Images.xcassets in Resources */,
			);
			runOnlyForDeploymentPostprocessing = 0;
		};
		18D149001BAFA950006B6ECD /* Resources */ = {
			isa = PBXResourcesBuildPhase;
			buildActionMask = 2147483647;
			files = (
			);
			runOnlyForDeploymentPostprocessing = 0;
		};
/* End PBXResourcesBuildPhase section */

/* Begin PBXSourcesBuildPhase section */
		18D148E51BAFA950006B6ECD /* Sources */ = {
			isa = PBXSourcesBuildPhase;
			buildActionMask = 2147483647;
			files = (
				187B87A31BBE3463005C842F /* basicElements.m in Sources */,
				18D148F21BAFA950006B6ECD /* AppDelegate.m in Sources */,
				18D148EF1BAFA950006B6ECD /* main.m in Sources */,
			);
			runOnlyForDeploymentPostprocessing = 0;
		};
		18D148FE1BAFA950006B6ECD /* Sources */ = {
			isa = PBXSourcesBuildPhase;
			buildActionMask = 2147483647;
			files = (
				18D149091BAFA950006B6ECD /* ObjectiveCdigestPlusTests.m in Sources */,
			);
			runOnlyForDeploymentPostprocessing = 0;
		};
/* End PBXSourcesBuildPhase section */

/* Begin PBXTargetDependency section */
		18D149041BAFA950006B6ECD /* PBXTargetDependency */ = {
			isa = PBXTargetDependency;
			target = 18D148E81BAFA950006B6ECD /* ObjectiveCdigestPlus */;
			targetProxy = 18D149031BAFA950006B6ECD /* PBXContainerItemProxy */;
		};
/* End PBXTargetDependency section */

/* Begin PBXVariantGroup section */
		18D148F61BAFA950006B6ECD /* Main.storyboard */ = {
			isa = PBXVariantGroup;
			children = (
				18D148F71BAFA950006B6ECD /* Base */,
			);
			name = Main.storyboard;
			sourceTree = "<group>";
		};
		18D148FB1BAFA950006B6ECD /* LaunchScreen.xib */ = {
			isa = PBXVariantGroup;
			children = (
				18D148FC1BAFA950006B6ECD /* Base */,
			);
			name = LaunchScreen.xib;
			sourceTree = "<group>";
		};
/* End PBXVariantGroup section */

/* Begin XCBuildConfiguration section */
		18D1490A1BAFA950006B6ECD /* Debug */ = {
			isa = XCBuildConfiguration;
			buildSettings = {
				ALWAYS_SEARCH_USER_PATHS = NO;
				CLANG_CXX_LANGUAGE_STANDARD = "gnu++0x";
				CLANG_CXX_LIBRARY = "libc++";
				CLANG_ENABLE_MODULES = YES;
				CLANG_ENABLE_OBJC_ARC = YES;
				CLANG_WARN_BOOL_CONVERSION = YES;
				CLANG_WARN_CONSTANT_CONVERSION = YES;
				CLANG_WARN_DIRECT_OBJC_ISA_USAGE = YES_ERROR;
				CLANG_WARN_EMPTY_BODY = YES;
				CLANG_WARN_ENUM_CONVERSION = YES;
				CLANG_WARN_INT_CONVERSION = YES;
				CLANG_WARN_OBJC_ROOT_CLASS = YES_ERROR;
				CLANG_WARN_UNREACHABLE_CODE = YES;
				CLANG_WARN__DUPLICATE_METHOD_MATCH = YES;
				"CODE_SIGN_IDENTITY[sdk=iphoneos*]" = "iPhone Developer";
				COPY_PHASE_STRIP = NO;
				DEBUG_INFORMATION_FORMAT = "dwarf-with-dsym";
				ENABLE_STRICT_OBJC_MSGSEND = YES;
				ENABLE_TESTABILITY = YES;
				GCC_C_LANGUAGE_STANDARD = gnu99;
				GCC_DYNAMIC_NO_PIC = NO;
				GCC_NO_COMMON_BLOCKS = YES;
				GCC_OPTIMIZATION_LEVEL = 0;
				GCC_PREPROCESSOR_DEFINITIONS = (
					"DEBUG=1",
					"$(inherited)",
				);
				GCC_SYMBOLS_PRIVATE_EXTERN = NO;
				GCC_WARN_64_TO_32_BIT_CONVERSION = YES;
				GCC_WARN_ABOUT_RETURN_TYPE = YES_ERROR;
				GCC_WARN_UNDECLARED_SELECTOR = YES;
				GCC_WARN_UNINITIALIZED_AUTOS = YES_AGGRESSIVE;
				GCC_WARN_UNUSED_FUNCTION = YES;
				GCC_WARN_UNUSED_VARIABLE = YES;
				IPHONEOS_DEPLOYMENT_TARGET = 8.3;
				MTL_ENABLE_DEBUG_INFO = YES;
				ONLY_ACTIVE_ARCH = YES;
				SDKROOT = iphoneos;
				TARGETED_DEVICE_FAMILY = "1,2";
			};
			name = Debug;
		};
		18D1490B1BAFA950006B6ECD /* Release */ = {
			isa = XCBuildConfiguration;
			buildSettings = {
				ALWAYS_SEARCH_USER_PATHS = NO;
				CLANG_CXX_LANGUAGE_STANDARD = "gnu++0x";
				CLANG_CXX_LIBRARY = "libc++";
				CLANG_ENABLE_MODULES = YES;
				CLANG_ENABLE_OBJC_ARC = YES;
				CLANG_WARN_BOOL_CONVERSION = YES;
				CLANG_WARN_CONSTANT_CONVERSION = YES;
				CLANG_WARN_DIRECT_OBJC_ISA_USAGE = YES_ERROR;
				CLANG_WARN_EMPTY_BODY = YES;
				CLANG_WARN_ENUM_CONVERSION = YES;
				CLANG_WARN_INT_CONVERSION = YES;
				CLANG_WARN_OBJC_ROOT_CLASS = YES_ERROR;
				CLANG_WARN_UNREACHABLE_CODE = YES;
				CLANG_WARN__DUPLICATE_METHOD_MATCH = YES;
				"CODE_SIGN_IDENTITY[sdk=iphoneos*]" = "iPhone Developer";
				COPY_PHASE_STRIP = NO;
				DEBUG_INFORMATION_FORMAT = "dwarf-with-dsym";
				ENABLE_NS_ASSERTIONS = NO;
				ENABLE_STRICT_OBJC_MSGSEND = YES;
				GCC_C_LANGUAGE_STANDARD = gnu99;
				GCC_NO_COMMON_BLOCKS = YES;
				GCC_WARN_64_TO_32_BIT_CONVERSION = YES;
				GCC_WARN_ABOUT_RETURN_TYPE = YES_ERROR;
				GCC_WARN_UNDECLARED_SELECTOR = YES;
				GCC_WARN_UNINITIALIZED_AUTOS = YES_AGGRESSIVE;
				GCC_WARN_UNUSED_FUNCTION = YES;
				GCC_WARN_UNUSED_VARIABLE = YES;
				IPHONEOS_DEPLOYMENT_TARGET = 8.3;
				MTL_ENABLE_DEBUG_INFO = NO;
				SDKROOT = iphoneos;
				TARGETED_DEVICE_FAMILY = "1,2";
				VALIDATE_PRODUCT = YES;
			};
			name = Release;
		};
		18D1490D1BAFA950006B6ECD /* Debug */ = {
			isa = XCBuildConfiguration;
			buildSettings = {
				ASSETCATALOG_COMPILER_APPICON_NAME = AppIcon;
				INFOPLIST_FILE = ObjectiveCdigestPlus/Info.plist;
				LD_RUNPATH_SEARCH_PATHS = "$(inherited) @executable_path/Frameworks";
				PRODUCT_BUNDLE_IDENTIFIER = "com.buleApp.$(PRODUCT_NAME:rfc1034identifier)";
				PRODUCT_NAME = "$(TARGET_NAME)";
			};
			name = Debug;
		};
		18D1490E1BAFA950006B6ECD /* Release */ = {
			isa = XCBuildConfiguration;
			buildSettings = {
				ASSETCATALOG_COMPILER_APPICON_NAME = AppIcon;
				INFOPLIST_FILE = ObjectiveCdigestPlus/Info.plist;
				LD_RUNPATH_SEARCH_PATHS = "$(inherited) @executable_path/Frameworks";
				PRODUCT_BUNDLE_IDENTIFIER = "com.buleApp.$(PRODUCT_NAME:rfc1034identifier)";
				PRODUCT_NAME = "$(TARGET_NAME)";
			};
			name = Release;
		};
		18D149101BAFA950006B6ECD /* Debug */ = {
			isa = XCBuildConfiguration;
			buildSettings = {
				BUNDLE_LOADER = "$(TEST_HOST)";
				FRAMEWORK_SEARCH_PATHS = (
					"$(SDKROOT)/Developer/Library/Frameworks",
					"$(inherited)",
				);
				GCC_PREPROCESSOR_DEFINITIONS = (
					"DEBUG=1",
					"$(inherited)",
				);
				INFOPLIST_FILE = ObjectiveCdigestPlusTests/Info.plist;
				LD_RUNPATH_SEARCH_PATHS = "$(inherited) @executable_path/Frameworks @loader_path/Frameworks";
				PRODUCT_BUNDLE_IDENTIFIER = "com.buleApp.$(PRODUCT_NAME:rfc1034identifier)";
				PRODUCT_NAME = "$(TARGET_NAME)";
				TEST_HOST = "$(BUILT_PRODUCTS_DIR)/ObjectiveCdigestPlus.app/ObjectiveCdigestPlus";
			};
			name = Debug;
		};
		18D149111BAFA950006B6ECD /* Release */ = {
			isa = XCBuildConfiguration;
			buildSettings = {
				BUNDLE_LOADER = "$(TEST_HOST)";
				FRAMEWORK_SEARCH_PATHS = (
					"$(SDKROOT)/Developer/Library/Frameworks",
					"$(inherited)",
				);
				INFOPLIST_FILE = ObjectiveCdigestPlusTests/Info.plist;
				LD_RUNPATH_SEARCH_PATHS = "$(inherited) @executable_path/Frameworks @loader_path/Frameworks";
				PRODUCT_BUNDLE_IDENTIFIER = "com.buleApp.$(PRODUCT_NAME:rfc1034identifier)";
				PRODUCT_NAME = "$(TARGET_NAME)";
				TEST_HOST = "$(BUILT_PRODUCTS_DIR)/ObjectiveCdigestPlus.app/ObjectiveCdigestPlus";
			};
			name = Release;
		};
/* End XCBuildConfiguration section */

/* Begin XCConfigurationList section */
		18D148E41BAFA950006B6ECD /* Build configuration list for PBXProject "ObjectiveCdigestPlus" */ = {
			isa = XCConfigurationList;
			buildConfigurations = (
				18D1490A1BAFA950006B6ECD /* Debug */,
				18D1490B1BAFA950006B6ECD /* Release */,
			);
			defaultConfigurationIsVisible = 0;
			defaultConfigurationName = Release;
		};
		18D1490C1BAFA950006B6ECD /* Build configuration list for PBXNativeTarget "ObjectiveCdigestPlus" */ = {
			isa = XCConfigurationList;
			buildConfigurations = (
				18D1490D1BAFA950006B6ECD /* Debug */,
				18D1490E1BAFA950006B6ECD /* Release */,
			);
			defaultConfigurationIsVisible = 0;
			defaultConfigurationName = Release;
		};
		18D1490F1BAFA950006B6ECD /* Build configuration list for PBXNativeTarget "ObjectiveCdigestPlusTests" */ = {
			isa = XCConfigurationList;
			buildConfigurations = (
				18D149101BAFA950006B6ECD /* Debug */,
				18D149111BAFA950006B6ECD /* Release */,
			);
			defaultConfigurationIsVisible = 0;
			defaultConfigurationName = Release;
		};
/* End XCConfigurationList section */
	};
	rootObject = 18D148E11BAFA950006B6ECD /* Project object */;
}
